hash: 675dd561493cf92bcaf2a0bc7293a53c39b56c4133628ea0e6e713aeeff1c40e
updated: 2017-02-10T21:32:57.563197936-05:00
imports:
- name: github.com/codahale/hdrhistogram
  version: f8ad88b59a584afeee9d334eff879b104439117b
- name: github.com/davecgh/go-spew
  version: 346938d642f2ec3594ed81d874461961cd0faa76
  subpackages:
  - spew
- name: github.com/facebookgo/clock
  version: 600d898af40aa09a7a93ecb9265d87b0504b6f03
- name: github.com/go-kit/kit
  version: a5e3d03d36fa4f9f2915d10d6b17fa0e02b734cc
  subpackages:
  - metrics
  - metrics/expvar
  - metrics/generic
  - metrics/internal/lv
- name: github.com/pmezard/go-difflib
  version: 792786c7400a136282c1664665ae0a8db921c6c2
  subpackages:
  - difflib
- name: github.com/stretchr/testify
  version: 2402e8e7a02fc811447d11f881aa9746cdc57983
  subpackages:
  - assert
  - require
- name: github.com/uber-go/tally
  version: 43c1379c0577ac1eb74f9f3869cea07191c9992b
- name: github.com/VividCortex/gohistogram
  version: 51564d9861991fb0ad0f531c99ef602d0f9866e6
testImports: []
