hash: a2184b829a69a7e33880eacae5f0dc39be4e0f9dbbad074e19de83172e1ac135
updated: 2017-04-19T09:43:59.295932552-07:00
imports:
- name: github.com/codahale/hdrhistogram
  version: 3a0bb77429bd3a61596f5e8a3172445844342120
- name: github.com/davecgh/go-spew
  version: 04cdfd42973bb9c8589fd6a731800cf222fde1a9
  subpackages:
  - spew
- name: github.com/facebookgo/clock
  version: 600d898af40aa09a7a93ecb9265d87b0504b6f03
- name: github.com/go-kit/kit
  version: a5e3d03d36fa4f9f2915d10d6b17fa0e02b734cc
  subpackages:
  - metrics
  - metrics/expvar
  - metrics/generic
  - metrics/internal/lv
- name: github.com/pmezard/go-difflib
  version: d8ed2627bdf02c080bf22230dbb337003b7aba2d
  subpackages:
  - difflib
- name: github.com/stretchr/testify
  version: 4d4bfba8f1d1027c4fdbe371823030df51419987
  subpackages:
  - assert
  - require
- name: github.com/uber-go/tally
  version: 4b9d9de43ffcb0b7efe67dab2a92c2d58dbf16ab
- name: github.com/VividCortex/gohistogram
  version: 51564d9861991fb0ad0f531c99ef602d0f9866e6
testImports: []
