# This file is autogenerated, do not edit; changes may be undone by the next 'dep ensure'.


[[projects]]
  digest = "1:8515c0ca4381246cf332cee05fc84070bbbb07bd679b639161506ba532f47128"
  name = "github.com/VividCortex/gohistogram"
  packages = ["."]
  pruneopts = "UT"
  revision = "51564d9861991fb0ad0f531c99ef602d0f9866e6"
  version = "v1.0.0"

[[projects]]
  digest = "1:d6afaeed1502aa28e80a4ed0981d570ad91b2579193404256ce672ed0a609e0d"
  name = "github.com/beorn7/perks"
  packages = ["quantile"]
  pruneopts = "UT"
  revision = "37c8de3658fcb183f997c4e13e8337516ab753e6"
  version = "v1.0.1"

[[projects]]
  digest = "1:7743d465c4c7c9322a4c4da92c2ac38e15115014eb7aa4d367968055f1e64c57"
  name = "github.com/cespare/xxhash"
  packages = ["v2"]
  pruneopts = "UT"
  revision = "d7df74196a9e781ede915320c11c378c1b2f3a1f"
  version = "v2.1.1"

[[projects]]
  branch = "master"
  digest = "1:4c4c33075b704791d6a7f09dfb55c66769e8a1dc6adf87026292d274fe8ad113"
  name = "github.com/codahale/hdrhistogram"
  packages = ["."]
  pruneopts = "UT"
  revision = "3a0bb77429bd3a61596f5e8a3172445844342120"

[[projects]]
  digest = "1:ffe9824d294da03b391f44e1ae8281281b4afc1bdaa9588c9097785e3af10cec"
  name = "github.com/davecgh/go-spew"
  packages = ["spew"]
  pruneopts = "UT"
  revision = "8991bc29aa16c548c550c7ff78260e27b9ab7c73"
  version = "v1.1.1"

[[projects]]
  digest = "1:83c5ef75cc53ba2e8a59e421f5f8b86acb780f2b143bbc386611ea3e1b5c4087"
  name = "github.com/go-kit/kit"
  packages = [
    "log",
    "log/level",
    "metrics",
    "metrics/expvar",
    "metrics/generic",
    "metrics/influx",
    "metrics/internal/lv",
  ]
  pruneopts = "UT"
  revision = "150a65a7ec6156b4b640c1fd55f26fd3d475d656"
  version = "v0.9.0"

[[projects]]
  digest = "1:522a207de5459ab329732b5df6bb6dd7592da9fddf8a99e9f82609e370d82f9b"
  name = "github.com/go-logfmt/logfmt"
  packages = ["."]
  pruneopts = "UT"
  revision = "3be5f6aae7db841d31dc5e1b3bb7b4cff19200b3"
  version = "v0.5.0"

[[projects]]
  digest = "1:ecd73c8c5c5e48f9079e042ae733c3f3ab021218d6c4da3411d82727fd5a412a"
  name = "github.com/golang/protobuf"
  packages = [
    "proto",
    "ptypes",
    "ptypes/any",
    "ptypes/duration",
    "ptypes/timestamp",
  ]
  pruneopts = "UT"
  revision = "5d5b4c10bd43f85e63bd9e4a3fa9b1ea2ef88af2"
  version = "v1.3.4"

[[projects]]
  branch = "master"
  digest = "1:00e5ad58045d6d2a6c9e65d1809ff2594bc396e911712ae892a93976fdece115"
  name = "github.com/influxdata/influxdb1-client"
  packages = [
    "models",
    "pkg/escape",
    "v2",
  ]
  pruneopts = "UT"
  revision = "8bf82d3c094dc06be9da8e5bf9d3589b6ea032ae"

[[projects]]
  digest = "1:ff5ebae34cfbf047d505ee150de27e60570e8c394b3b8fdbb720ff6ac71985fc"
  name = "github.com/matttproud/golang_protobuf_extensions"
  packages = ["pbutil"]
  pruneopts = "UT"
  revision = "c12348ce28de40eed0136aa2b644d0ee0650e56c"
  version = "v1.0.1"

[[projects]]
  digest = "1:0028cb19b2e4c3112225cd871870f2d9cf49b9b4276531f03438a88e94be86fe"
  name = "github.com/pmezard/go-difflib"
  packages = ["difflib"]
  pruneopts = "UT"
  revision = "792786c7400a136282c1664665ae0a8db921c6c2"
  version = "v1.0.0"

[[projects]]
  digest = "1:f6aeae371ef9202229eafaed1bdd994725a9b6f2716e003e689097726aa970a9"
  name = "github.com/prometheus/client_golang"
  packages = [
    "prometheus",
    "prometheus/internal",
  ]
  pruneopts = "UT"
  revision = "913f67ef0627596efc752f02d4014308e7345dbf"
  version = "v1.4.1"

[[projects]]
  digest = "1:0db23933b8052702d980a3f029149b3f175f7c0eea0cff85b175017d0f2722c0"
  name = "github.com/prometheus/client_model"
  packages = ["go"]
  pruneopts = "UT"
  revision = "7bc5445566f0fe75b15de23e6b93886e982d7bf9"
  version = "v0.2.0"

[[projects]]
  digest = "1:c1139d84a6fab0d2ebfda1ab3fe5f822162be845045db230aa1c672927d320c8"
  name = "github.com/prometheus/common"
  packages = [
    "expfmt",
    "internal/bitbucket.org/ww/goautoneg",
    "model",
  ]
  pruneopts = "UT"
  revision = "d978bcb1309602d68bb4ba69cf3f8ed900e07308"
  version = "v0.9.1"

[[projects]]
  digest = "1:6421995dc4b0cae1fc87b615c1b7eb22e87a6746b5ac1f73221879bd2f1f4fc1"
  name = "github.com/prometheus/procfs"
  packages = [
    ".",
    "internal/fs",
    "internal/util",
  ]
  pruneopts = "UT"
  revision = "4850c197847aa06aecc37570077fc16e9215d565"
  version = "v0.0.10"

[[projects]]
  digest = "1:49b1087f45b1e49687da2f8eb49d9e07919d4bad3813344251c722141dcb31d6"
  name = "github.com/stretchr/testify"
  packages = [
    "assert",
    "require",
  ]
  pruneopts = "UT"
  revision = "3ebf1ddaeb260c4b1ae502a01c7844fa8c1fa0e9"
  version = "v1.5.1"

[[projects]]
  digest = "1:887075851de31ace8a57e7f418eb80f2bcb562d78f1c6b441f655e42d061068f"
  name = "github.com/uber-go/tally"
  packages = ["."]
  pruneopts = "UT"
  revision = "85437d773ad6967edfdf75ce51d35c95133c2f6a"
  version = "v3.3.15"

[[projects]]
  branch = "master"
  digest = "1:181b0f31060ef04339c16e7bba946726dc4801a547f06edbd26d2b72a09df98c"
  name = "golang.org/x/sys"
  packages = ["windows"]
  pruneopts = "UT"
  revision = "d5e6a3e2c0ae16fc7480523ebcb7fd4dd3215489"

[[projects]]
  digest = "1:55b110c99c5fdc4f14930747326acce56b52cfce60b24b1c03ef686ac0e46bb1"
  name = "gopkg.in/yaml.v2"
  packages = ["."]
  pruneopts = "UT"
  revision = "53403b58ad1b561927d19068c655246f2db79d48"
  version = "v2.2.8"

[solve-meta]
  analyzer-name = "dep"
  analyzer-version = 1
  input-imports = [
    "github.com/codahale/hdrhistogram",
    "github.com/go-kit/kit/log",
    "github.com/go-kit/kit/log/level",
    "github.com/go-kit/kit/metrics",
    "github.com/go-kit/kit/metrics/expvar",
    "github.com/go-kit/kit/metrics/generic",
    "github.com/go-kit/kit/metrics/influx",
    "github.com/influxdata/influxdb1-client/v2",
    "github.com/prometheus/client_golang/prometheus",
    "github.com/prometheus/client_model/go",
    "github.com/stretchr/testify/assert",
    "github.com/stretchr/testify/require",
    "github.com/uber-go/tally",
  ]
  solver-name = "gps-cdcl"
  solver-version = 1
